
Microsoft Visual Studio Solution File, Format Version 12.00
# Visual Studio Version 17
VisualStudioVersion = 17.0.31903.59
MinimumVisualStudioVersion = 10.0.40219.1
Project("{2150E333-8FDC-42A3-9474-1A3956D46DE8}") = "CreationalPatterns", "CreationalPatterns", "{FB3B0A2D-FAA1-7B64-44ED-839676C58401}"
EndProject
Project("{FAE04EC0-301F-11D3-BF4B-00C04F79EFBC}") = "FactoryMethod", "CreationalPatterns\FactoryMethod\FactoryMethod.csproj", "{63C1AC8B-89C3-4368-B551-CF2520B625AA}"
EndProject
Project("{FAE04EC0-301F-11D3-BF4B-00C04F79EFBC}") = "AbstractFactory", "CreationalPatterns\AbstractFactory\AbstractFactory.csproj", "{D462D7B2-BFC8-4E1A-B2A0-4C0521CC6A1E}"
EndProject
Project("{FAE04EC0-301F-11D3-BF4B-00C04F79EFBC}") = "Builder", "CreationalPatterns\Builder\Builder.csproj", "{4CCACEE8-453D-AC1D-E721-78498243A4B9}"
EndProject
Project("{FAE04EC0-301F-11D3-BF4B-00C04F79EFBC}") = "Prototype", "CreationalPatterns\Prototype\Prototype.csproj", "{470C8125-FD43-4D2C-B64E-14189F10D08F}"
EndProject
Project("{FAE04EC0-301F-11D3-BF4B-00C04F79EFBC}") = "Singleton", "CreationalPatterns\Singleton\Singleton.csproj", "{4F59D80E-C2ED-46A6-B6C7-C528D7D82CCB}"
EndProject
Project("{2150E333-8FDC-42A3-9474-1A3956D46DE8}") = "StructuralPatterns", "StructuralPatterns", "{02EA681E-C7D8-13C7-8484-4AC65E1B71E8}"
EndProject
Project("{FAE04EC0-301F-11D3-BF4B-00C04F79EFBC}") = "Adapter", "StructuralPatterns\Adapter\Adapter.csproj", "{0C2235B0-5D77-4712-9839-65756BF565D6}"
EndProject
Project("{FAE04EC0-301F-11D3-BF4B-00C04F79EFBC}") = "Bridge", "StructuralPatterns\Bridge\Bridge.csproj", "{CDA129F0-9173-05BE-4DD8-1BF95E95037A}"
EndProject
Project("{FAE04EC0-301F-11D3-BF4B-00C04F79EFBC}") = "Composite", "StructuralPatterns\Composite\Composite.csproj", "{B40D453A-F477-432C-AB9A-C38B4FBD3582}"
EndProject
Project("{FAE04EC0-301F-11D3-BF4B-00C04F79EFBC}") = "Decorator", "StructuralPatterns\Decorator\Decorator.csproj", "{FC3E8481-AEBE-49F1-A1CE-87AF57574954}"
EndProject
Project("{FAE04EC0-301F-11D3-BF4B-00C04F79EFBC}") = "Facade", "StructuralPatterns\Facade\Facade.csproj", "{82DB04A4-4E71-4DFF-954A-6B67DA258BFD}"
EndProject
Project("{FAE04EC0-301F-11D3-BF4B-00C04F79EFBC}") = "Flyweight", "StructuralPatterns\Flyweight\Flyweight.csproj", "{B8AC6DEC-5B30-4DBF-A968-7C0426248F9C}"
EndProject
Global
	GlobalSection(SolutionConfigurationPlatforms) = preSolution
		Debug|Any CPU = Debug|Any CPU
		Debug|x64 = Debug|x64
		Debug|x86 = Debug|x86
		Release|Any CPU = Release|Any CPU
		Release|x64 = Release|x64
		Release|x86 = Release|x86
	EndGlobalSection
	GlobalSection(ProjectConfigurationPlatforms) = postSolution
		{63C1AC8B-89C3-4368-B551-CF2520B625AA}.Debug|Any CPU.ActiveCfg = Debug|Any CPU
		{63C1AC8B-89C3-4368-B551-CF2520B625AA}.Debug|Any CPU.Build.0 = Debug|Any CPU
		{63C1AC8B-89C3-4368-B551-CF2520B625AA}.Debug|x64.ActiveCfg = Debug|Any CPU
		{63C1AC8B-89C3-4368-B551-CF2520B625AA}.Debug|x64.Build.0 = Debug|Any CPU
		{63C1AC8B-89C3-4368-B551-CF2520B625AA}.Debug|x86.ActiveCfg = Debug|Any CPU
		{63C1AC8B-89C3-4368-B551-CF2520B625AA}.Debug|x86.Build.0 = Debug|Any CPU
		{63C1AC8B-89C3-4368-B551-CF2520B625AA}.Release|Any CPU.ActiveCfg = Release|Any CPU
		{63C1AC8B-89C3-4368-B551-CF2520B625AA}.Release|Any CPU.Build.0 = Release|Any CPU
		{63C1AC8B-89C3-4368-B551-CF2520B625AA}.Release|x64.ActiveCfg = Release|Any CPU
		{63C1AC8B-89C3-4368-B551-CF2520B625AA}.Release|x64.Build.0 = Release|Any CPU
		{63C1AC8B-89C3-4368-B551-CF2520B625AA}.Release|x86.ActiveCfg = Release|Any CPU
		{63C1AC8B-89C3-4368-B551-CF2520B625AA}.Release|x86.Build.0 = Release|Any CPU
		{D462D7B2-BFC8-4E1A-B2A0-4C0521CC6A1E}.Debug|Any CPU.ActiveCfg = Debug|Any CPU
		{D462D7B2-BFC8-4E1A-B2A0-4C0521CC6A1E}.Debug|Any CPU.Build.0 = Debug|Any CPU
		{D462D7B2-BFC8-4E1A-B2A0-4C0521CC6A1E}.Debug|x64.ActiveCfg = Debug|Any CPU
		{D462D7B2-BFC8-4E1A-B2A0-4C0521CC6A1E}.Debug|x64.Build.0 = Debug|Any CPU
		{D462D7B2-BFC8-4E1A-B2A0-4C0521CC6A1E}.Debug|x86.ActiveCfg = Debug|Any CPU
		{D462D7B2-BFC8-4E1A-B2A0-4C0521CC6A1E}.Debug|x86.Build.0 = Debug|Any CPU
		{D462D7B2-BFC8-4E1A-B2A0-4C0521CC6A1E}.Release|Any CPU.ActiveCfg = Release|Any CPU
		{D462D7B2-BFC8-4E1A-B2A0-4C0521CC6A1E}.Release|Any CPU.Build.0 = Release|Any CPU
		{D462D7B2-BFC8-4E1A-B2A0-4C0521CC6A1E}.Release|x64.ActiveCfg = Release|Any CPU
		{D462D7B2-BFC8-4E1A-B2A0-4C0521CC6A1E}.Release|x64.Build.0 = Release|Any CPU
		{D462D7B2-BFC8-4E1A-B2A0-4C0521CC6A1E}.Release|x86.ActiveCfg = Release|Any CPU
		{D462D7B2-BFC8-4E1A-B2A0-4C0521CC6A1E}.Release|x86.Build.0 = Release|Any CPU
		{4CCACEE8-453D-AC1D-E721-78498243A4B9}.Debug|Any CPU.ActiveCfg = Debug|Any CPU
		{4CCACEE8-453D-AC1D-E721-78498243A4B9}.Debug|Any CPU.Build.0 = Debug|Any CPU
		{4CCACEE8-453D-AC1D-E721-78498243A4B9}.Debug|x64.ActiveCfg = Debug|Any CPU
		{4CCACEE8-453D-AC1D-E721-78498243A4B9}.Debug|x64.Build.0 = Debug|Any CPU
		{4CCACEE8-453D-AC1D-E721-78498243A4B9}.Debug|x86.ActiveCfg = Debug|Any CPU
		{4CCACEE8-453D-AC1D-E721-78498243A4B9}.Debug|x86.Build.0 = Debug|Any CPU
		{4CCACEE8-453D-AC1D-E721-78498243A4B9}.Release|Any CPU.ActiveCfg = Release|Any CPU
		{4CCACEE8-453D-AC1D-E721-78498243A4B9}.Release|Any CPU.Build.0 = Release|Any CPU
		{4CCACEE8-453D-AC1D-E721-78498243A4B9}.Release|x64.ActiveCfg = Release|Any CPU
		{4CCACEE8-453D-AC1D-E721-78498243A4B9}.Release|x64.Build.0 = Release|Any CPU
		{4CCACEE8-453D-AC1D-E721-78498243A4B9}.Release|x86.ActiveCfg = Release|Any CPU
		{4CCACEE8-453D-AC1D-E721-78498243A4B9}.Release|x86.Build.0 = Release|Any CPU
		{470C8125-FD43-4D2C-B64E-14189F10D08F}.Debug|Any CPU.ActiveCfg = Debug|Any CPU
		{470C8125-FD43-4D2C-B64E-14189F10D08F}.Debug|Any CPU.Build.0 = Debug|Any CPU
		{470C8125-FD43-4D2C-B64E-14189F10D08F}.Debug|x64.ActiveCfg = Debug|Any CPU
		{470C8125-FD43-4D2C-B64E-14189F10D08F}.Debug|x64.Build.0 = Debug|Any CPU
		{470C8125-FD43-4D2C-B64E-14189F10D08F}.Debug|x86.ActiveCfg = Debug|Any CPU
		{470C8125-FD43-4D2C-B64E-14189F10D08F}.Debug|x86.Build.0 = Debug|Any CPU
		{470C8125-FD43-4D2C-B64E-14189F10D08F}.Release|Any CPU.ActiveCfg = Release|Any CPU
		{470C8125-FD43-4D2C-B64E-14189F10D08F}.Release|Any CPU.Build.0 = Release|Any CPU
		{470C8125-FD43-4D2C-B64E-14189F10D08F}.Release|x64.ActiveCfg = Release|Any CPU
		{470C8125-FD43-4D2C-B64E-14189F10D08F}.Release|x64.Build.0 = Release|Any CPU
		{470C8125-FD43-4D2C-B64E-14189F10D08F}.Release|x86.ActiveCfg = Release|Any CPU
		{470C8125-FD43-4D2C-B64E-14189F10D08F}.Release|x86.Build.0 = Release|Any CPU
		{4F59D80E-C2ED-46A6-B6C7-C528D7D82CCB}.Debug|Any CPU.ActiveCfg = Debug|Any CPU
		{4F59D80E-C2ED-46A6-B6C7-C528D7D82CCB}.Debug|Any CPU.Build.0 = Debug|Any CPU
		{4F59D80E-C2ED-46A6-B6C7-C528D7D82CCB}.Debug|x64.ActiveCfg = Debug|Any CPU
		{4F59D80E-C2ED-46A6-B6C7-C528D7D82CCB}.Debug|x64.Build.0 = Debug|Any CPU
		{4F59D80E-C2ED-46A6-B6C7-C528D7D82CCB}.Debug|x86.ActiveCfg = Debug|Any CPU
		{4F59D80E-C2ED-46A6-B6C7-C528D7D82CCB}.Debug|x86.Build.0 = Debug|Any CPU
		{4F59D80E-C2ED-46A6-B6C7-C528D7D82CCB}.Release|Any CPU.ActiveCfg = Release|Any CPU
		{4F59D80E-C2ED-46A6-B6C7-C528D7D82CCB}.Release|Any CPU.Build.0 = Release|Any CPU
		{4F59D80E-C2ED-46A6-B6C7-C528D7D82CCB}.Release|x64.ActiveCfg = Release|Any CPU
		{4F59D80E-C2ED-46A6-B6C7-C528D7D82CCB}.Release|x64.Build.0 = Release|Any CPU
		{4F59D80E-C2ED-46A6-B6C7-C528D7D82CCB}.Release|x86.ActiveCfg = Release|Any CPU
		{4F59D80E-C2ED-46A6-B6C7-C528D7D82CCB}.Release|x86.Build.0 = Release|Any CPU
		{0C2235B0-5D77-4712-9839-65756BF565D6}.Debug|Any CPU.ActiveCfg = Debug|Any CPU
		{0C2235B0-5D77-4712-9839-65756BF565D6}.Debug|Any CPU.Build.0 = Debug|Any CPU
		{0C2235B0-5D77-4712-9839-65756BF565D6}.Debug|x64.ActiveCfg = Debug|Any CPU
		{0C2235B0-5D77-4712-9839-65756BF565D6}.Debug|x64.Build.0 = Debug|Any CPU
		{0C2235B0-5D77-4712-9839-65756BF565D6}.Debug|x86.ActiveCfg = Debug|Any CPU
		{0C2235B0-5D77-4712-9839-65756BF565D6}.Debug|x86.Build.0 = Debug|Any CPU
		{0C2235B0-5D77-4712-9839-65756BF565D6}.Release|Any CPU.ActiveCfg = Release|Any CPU
		{0C2235B0-5D77-4712-9839-65756BF565D6}.Release|Any CPU.Build.0 = Release|Any CPU
		{0C2235B0-5D77-4712-9839-65756BF565D6}.Release|x64.ActiveCfg = Release|Any CPU
		{0C2235B0-5D77-4712-9839-65756BF565D6}.Release|x64.Build.0 = Release|Any CPU
		{0C2235B0-5D77-4712-9839-65756BF565D6}.Release|x86.ActiveCfg = Release|Any CPU
		{0C2235B0-5D77-4712-9839-65756BF565D6}.Release|x86.Build.0 = Release|Any CPU
		{CDA129F0-9173-05BE-4DD8-1BF95E95037A}.Debug|Any CPU.ActiveCfg = Debug|Any CPU
		{CDA129F0-9173-05BE-4DD8-1BF95E95037A}.Debug|Any CPU.Build.0 = Debug|Any CPU
		{CDA129F0-9173-05BE-4DD8-1BF95E95037A}.Debug|x64.ActiveCfg = Debug|Any CPU
		{CDA129F0-9173-05BE-4DD8-1BF95E95037A}.Debug|x64.Build.0 = Debug|Any CPU
		{CDA129F0-9173-05BE-4DD8-1BF95E95037A}.Debug|x86.ActiveCfg = Debug|Any CPU
		{CDA129F0-9173-05BE-4DD8-1BF95E95037A}.Debug|x86.Build.0 = Debug|Any CPU
		{CDA129F0-9173-05BE-4DD8-1BF95E95037A}.Release|Any CPU.ActiveCfg = Release|Any CPU
		{CDA129F0-9173-05BE-4DD8-1BF95E95037A}.Release|Any CPU.Build.0 = Release|Any CPU
		{CDA129F0-9173-05BE-4DD8-1BF95E95037A}.Release|x64.ActiveCfg = Release|Any CPU
		{CDA129F0-9173-05BE-4DD8-1BF95E95037A}.Release|x64.Build.0 = Release|Any CPU
		{CDA129F0-9173-05BE-4DD8-1BF95E95037A}.Release|x86.ActiveCfg = Release|Any CPU
		{CDA129F0-9173-05BE-4DD8-1BF95E95037A}.Release|x86.Build.0 = Release|Any CPU
		{B40D453A-F477-432C-AB9A-C38B4FBD3582}.Debug|Any CPU.ActiveCfg = Debug|Any CPU
		{B40D453A-F477-432C-AB9A-C38B4FBD3582}.Debug|Any CPU.Build.0 = Debug|Any CPU
		{B40D453A-F477-432C-AB9A-C38B4FBD3582}.Debug|x64.ActiveCfg = Debug|Any CPU
		{B40D453A-F477-432C-AB9A-C38B4FBD3582}.Debug|x64.Build.0 = Debug|Any CPU
		{B40D453A-F477-432C-AB9A-C38B4FBD3582}.Debug|x86.ActiveCfg = Debug|Any CPU
		{B40D453A-F477-432C-AB9A-C38B4FBD3582}.Debug|x86.Build.0 = Debug|Any CPU
		{B40D453A-F477-432C-AB9A-C38B4FBD3582}.Release|Any CPU.ActiveCfg = Release|Any CPU
		{B40D453A-F477-432C-AB9A-C38B4FBD3582}.Release|Any CPU.Build.0 = Release|Any CPU
		{B40D453A-F477-432C-AB9A-C38B4FBD3582}.Release|x64.ActiveCfg = Release|Any CPU
		{B40D453A-F477-432C-AB9A-C38B4FBD3582}.Release|x64.Build.0 = Release|Any CPU
		{B40D453A-F477-432C-AB9A-C38B4FBD3582}.Release|x86.ActiveCfg = Release|Any CPU
		{B40D453A-F477-432C-AB9A-C38B4FBD3582}.Release|x86.Build.0 = Release|Any CPU
		{FC3E8481-AEBE-49F1-A1CE-87AF57574954}.Debug|Any CPU.ActiveCfg = Debug|Any CPU
		{FC3E8481-AEBE-49F1-A1CE-87AF57574954}.Debug|Any CPU.Build.0 = Debug|Any CPU
		{FC3E8481-AEBE-49F1-A1CE-87AF57574954}.Debug|x64.ActiveCfg = Debug|Any CPU
		{FC3E8481-AEBE-49F1-A1CE-87AF57574954}.Debug|x64.Build.0 = Debug|Any CPU
		{FC3E8481-AEBE-49F1-A1CE-87AF57574954}.Debug|x86.ActiveCfg = Debug|Any CPU
		{FC3E8481-AEBE-49F1-A1CE-87AF57574954}.Debug|x86.Build.0 = Debug|Any CPU
		{FC3E8481-AEBE-49F1-A1CE-87AF57574954}.Release|Any CPU.ActiveCfg = Release|Any CPU
		{FC3E8481-AEBE-49F1-A1CE-87AF57574954}.Release|Any CPU.Build.0 = Release|Any CPU
		{FC3E8481-AEBE-49F1-A1CE-87AF57574954}.Release|x64.ActiveCfg = Release|Any CPU
		{FC3E8481-AEBE-49F1-A1CE-87AF57574954}.Release|x64.Build.0 = Release|Any CPU
		{FC3E8481-AEBE-49F1-A1CE-87AF57574954}.Release|x86.ActiveCfg = Release|Any CPU
		{FC3E8481-AEBE-49F1-A1CE-87AF57574954}.Release|x86.Build.0 = Release|Any CPU
		{82DB04A4-4E71-4DFF-954A-6B67DA258BFD}.Debug|Any CPU.ActiveCfg = Debug|Any CPU
		{82DB04A4-4E71-4DFF-954A-6B67DA258BFD}.Debug|Any CPU.Build.0 = Debug|Any CPU
		{82DB04A4-4E71-4DFF-954A-6B67DA258BFD}.Debug|x64.ActiveCfg = Debug|Any CPU
		{82DB04A4-4E71-4DFF-954A-6B67DA258BFD}.Debug|x64.Build.0 = Debug|Any CPU
		{82DB04A4-4E71-4DFF-954A-6B67DA258BFD}.Debug|x86.ActiveCfg = Debug|Any CPU
		{82DB04A4-4E71-4DFF-954A-6B67DA258BFD}.Debug|x86.Build.0 = Debug|Any CPU
		{82DB04A4-4E71-4DFF-954A-6B67DA258BFD}.Release|Any CPU.ActiveCfg = Release|Any CPU
		{82DB04A4-4E71-4DFF-954A-6B67DA258BFD}.Release|Any CPU.Build.0 = Release|Any CPU
		{82DB04A4-4E71-4DFF-954A-6B67DA258BFD}.Release|x64.ActiveCfg = Release|Any CPU
		{82DB04A4-4E71-4DFF-954A-6B67DA258BFD}.Release|x64.Build.0 = Release|Any CPU
		{82DB04A4-4E71-4DFF-954A-6B67DA258BFD}.Release|x86.ActiveCfg = Release|Any CPU
		{82DB04A4-4E71-4DFF-954A-6B67DA258BFD}.Release|x86.Build.0 = Release|Any CPU
		{B8AC6DEC-5B30-4DBF-A968-7C0426248F9C}.Debug|Any CPU.ActiveCfg = Debug|Any CPU
		{B8AC6DEC-5B30-4DBF-A968-7C0426248F9C}.Debug|Any CPU.Build.0 = Debug|Any CPU
		{B8AC6DEC-5B30-4DBF-A968-7C0426248F9C}.Debug|x64.ActiveCfg = Debug|Any CPU
		{B8AC6DEC-5B30-4DBF-A968-7C0426248F9C}.Debug|x64.Build.0 = Debug|Any CPU
		{B8AC6DEC-5B30-4DBF-A968-7C0426248F9C}.Debug|x86.ActiveCfg = Debug|Any CPU
		{B8AC6DEC-5B30-4DBF-A968-7C0426248F9C}.Debug|x86.Build.0 = Debug|Any CPU
		{B8AC6DEC-5B30-4DBF-A968-7C0426248F9C}.Release|Any CPU.ActiveCfg = Release|Any CPU
		{B8AC6DEC-5B30-4DBF-A968-7C0426248F9C}.Release|Any CPU.Build.0 = Release|Any CPU
		{B8AC6DEC-5B30-4DBF-A968-7C0426248F9C}.Release|x64.ActiveCfg = Release|Any CPU
		{B8AC6DEC-5B30-4DBF-A968-7C0426248F9C}.Release|x64.Build.0 = Release|Any CPU
		{B8AC6DEC-5B30-4DBF-A968-7C0426248F9C}.Release|x86.ActiveCfg = Release|Any CPU
		{B8AC6DEC-5B30-4DBF-A968-7C0426248F9C}.Release|x86.Build.0 = Release|Any CPU
	EndGlobalSection
	GlobalSection(SolutionProperties) = preSolution
		HideSolutionNode = FALSE
	EndGlobalSection
	GlobalSection(NestedProjects) = preSolution
		{63C1AC8B-89C3-4368-B551-CF2520B625AA} = {FB3B0A2D-FAA1-7B64-44ED-839676C58401}
		{D462D7B2-BFC8-4E1A-B2A0-4C0521CC6A1E} = {FB3B0A2D-FAA1-7B64-44ED-839676C58401}
		{4CCACEE8-453D-AC1D-E721-78498243A4B9} = {FB3B0A2D-FAA1-7B64-44ED-839676C58401}
		{470C8125-FD43-4D2C-B64E-14189F10D08F} = {FB3B0A2D-FAA1-7B64-44ED-839676C58401}
		{4F59D80E-C2ED-46A6-B6C7-C528D7D82CCB} = {FB3B0A2D-FAA1-7B64-44ED-839676C58401}
		{0C2235B0-5D77-4712-9839-65756BF565D6} = {02EA681E-C7D8-13C7-8484-4AC65E1B71E8}
		{CDA129F0-9173-05BE-4DD8-1BF95E95037A} = {02EA681E-C7D8-13C7-8484-4AC65E1B71E8}
		{B40D453A-F477-432C-AB9A-C38B4FBD3582} = {02EA681E-C7D8-13C7-8484-4AC65E1B71E8}
		{FC3E8481-AEBE-49F1-A1CE-87AF57574954} = {02EA681E-C7D8-13C7-8484-4AC65E1B71E8}
		{82DB04A4-4E71-4DFF-954A-6B67DA258BFD} = {02EA681E-C7D8-13C7-8484-4AC65E1B71E8}
		{B8AC6DEC-5B30-4DBF-A968-7C0426248F9C} = {02EA681E-C7D8-13C7-8484-4AC65E1B71E8}
	EndGlobalSection
	GlobalSection(ExtensibilityGlobals) = postSolution
		SolutionGuid = {62840DE0-DEB1-4A02-8274-F4F5BD197C07}
	EndGlobalSection
EndGlobal
